
Microsoft Visual Studio Solution File, Format Version 12.00
# Visual Studio Version 16
VisualStudioVersion = 16.0.31624.102
MinimumVisualStudioVersion = 10.0.40219.1
Project("{FAE04EC0-301F-11D3-BF4B-00C04F79EFBC}") = "SchemaInterpreter", "SchemaInterpreter.csproj", "{8B15F0B6-9A1D-4582-9DD0-8C31AE6540B7}"
EndProject
Global
	GlobalSection(SolutionConfigurationPlatforms) = preSolution
		Debug|Any CPU = Debug|Any CPU
		Release|Any CPU = Release|Any CPU
	EndGlobalSection
	GlobalSection(ProjectConfigurationPlatforms) = postSolution
		{8B15F0B6-9A1D-4582-9DD0-8C31AE6540B7}.Debug|Any CPU.ActiveCfg = Debug|Any CPU
		{8B15F0B6-9A1D-4582-9DD0-8C31AE6540B7}.Debug|Any CPU.Build.0 = Debug|Any CPU
		{8B15F0B6-9A1D-4582-9DD0-8C31AE6540B7}.Release|Any CPU.ActiveCfg = Release|Any CPU
		{8B15F0B6-9A1D-4582-9DD0-8C31AE6540B7}.Release|Any CPU.Build.0 = Release|Any CPU
	EndGlobalSection
	GlobalSection(SolutionProperties) = preSolution
		HideSolutionNode = FALSE
	EndGlobalSection
	GlobalSection(ExtensibilityGlobals) = postSolution
		SolutionGuid = {F94F2107-01EE-4E0E-A8A4-88B480FF9DAA}
	EndGlobalSection
EndGlobal
