
Microsoft Visual Studio Solution File, Format Version 12.00
# Visual Studio Version 17
VisualStudioVersion = 17.0.32014.148
MinimumVisualStudioVersion = 10.0.40219.1
Project("{9A19103F-16F7-4668-BE54-9A1E7A4F7556}") = "SchemaInterpreter", "SchemaInterpreter\SchemaInterpreter.csproj", "{A9DDD390-09CB-4A65-8F50-722B5C675906}"
EndProject
Project("{FAE04EC0-301F-11D3-BF4B-00C04F79EFBC}") = "SchemaInterpreter.Test", "SchemaInterpreter.Test\SchemaInterpreter.Test.csproj", "{5529C460-14FF-4102-9B6F-205093DAD8F2}"
EndProject
Global
	GlobalSection(SolutionConfigurationPlatforms) = preSolution
		Debug|Any CPU = Debug|Any CPU
		Release|Any CPU = Release|Any CPU
	EndGlobalSection
	GlobalSection(ProjectConfigurationPlatforms) = postSolution
		{A9DDD390-09CB-4A65-8F50-722B5C675906}.Debug|Any CPU.ActiveCfg = Debug|Any CPU
		{A9DDD390-09CB-4A65-8F50-722B5C675906}.Debug|Any CPU.Build.0 = Debug|Any CPU
		{A9DDD390-09CB-4A65-8F50-722B5C675906}.Release|Any CPU.ActiveCfg = Release|Any CPU
		{A9DDD390-09CB-4A65-8F50-722B5C675906}.Release|Any CPU.Build.0 = Release|Any CPU
		{5529C460-14FF-4102-9B6F-205093DAD8F2}.Debug|Any CPU.ActiveCfg = Debug|Any CPU
		{5529C460-14FF-4102-9B6F-205093DAD8F2}.Debug|Any CPU.Build.0 = Debug|Any CPU
		{5529C460-14FF-4102-9B6F-205093DAD8F2}.Release|Any CPU.ActiveCfg = Release|Any CPU
		{5529C460-14FF-4102-9B6F-205093DAD8F2}.Release|Any CPU.Build.0 = Release|Any CPU
	EndGlobalSection
	GlobalSection(SolutionProperties) = preSolution
		HideSolutionNode = FALSE
	EndGlobalSection
	GlobalSection(ExtensibilityGlobals) = postSolution
		SolutionGuid = {F94F2107-01EE-4E0E-A8A4-88B480FF9DAA}
	EndGlobalSection
EndGlobal
